
Microsoft Visual Studio Solution File, Format Version 12.00
# Visual Studio 2012
Project("{8BC9CEB8-8B4A-11D0-8D11-00A0C91BC942}") = "Sensor", "Sensor\Sensor.vcxproj", "{73C872B0-7710-41F6-89CF-9BDE8AB0C075}"
EndProject
Project("{8BC9CEB8-8B4A-11D0-8D11-00A0C91BC942}") = "SensorPS", "Sensor\SensorPS.vcxproj", "{DE033106-D2E0-4307-AD3D-4A380B492D39}"
	ProjectSection(ProjectDependencies) = postProject
		{73C872B0-7710-41F6-89CF-9BDE8AB0C075} = {73C872B0-7710-41F6-89CF-9BDE8AB0C075}
	EndProjectSection
EndProject
Project("{FAE04EC0-301F-11D3-BF4B-00C04F79EFBC}") = "Client", "Client\Client.csproj", "{B4C0C9CB-DBB5-4230-829A-AA18EF8A0BE6}"
EndProject
Project("{8BC9CEB8-8B4A-11D0-8D11-00A0C91BC942}") = "UnitTest", "UnitTest\UnitTest.vcxproj", "{05FDACD4-D6CA-4F51-A665-30F7D21DF165}"
EndProject
Project("{FAE04EC0-301F-11D3-BF4B-00C04F79EFBC}") = "DumpUploader", "DumpUploader\DumpUploader.csproj", "{43D20991-5141-4C76-965B-358F25991AB1}"
EndProject
Project("{FAE04EC0-301F-11D3-BF4B-00C04F79EFBC}") = "PrivateChannel.Interface", "ServerSide\PrivateChannel.Interface\PrivateChannel.Interface.csproj", "{CE961AC1-03C0-46F1-BC5A-B906368125D5}"
EndProject
Project("{2150E333-8FDC-42A3-9474-1A3956D46DE8}") = "ServerSide", "ServerSide", "{3AD9C5C2-3E64-40E4-A2F0-8C5E4586B8D4}"
EndProject
Project("{FAE04EC0-301F-11D3-BF4B-00C04F79EFBC}") = "PrivateChannel", "ServerSide\PrivateChannel\PrivateChannel.csproj", "{1A85C82C-A992-4CEE-AF04-82BDCC093F0E}"
EndProject
Project("{FAE04EC0-301F-11D3-BF4B-00C04F79EFBC}") = "HostingService", "ServerSide\HostingService\HostingService.csproj", "{BDBA76CA-D4DD-4C39-A2DF-DFE173FF78A3}"
EndProject
Project("{FAE04EC0-301F-11D3-BF4B-00C04F79EFBC}") = "Hosting", "ServerSide\Hosting\Hosting.csproj", "{1A538C9B-222A-4637-9973-C01D43DDC71C}"
EndProject
Project("{FAE04EC0-301F-11D3-BF4B-00C04F79EFBC}") = "Analyzer", "Analyzer\Analyzer.csproj", "{00BB259C-9E16-4AA5-8136-EE1183BDEB19}"
EndProject
Project("{2150E333-8FDC-42A3-9474-1A3956D46DE8}") = "ClientSide", "ClientSide", "{A72D134F-3BAA-4F37-803F-49C04CD09EE5}"
EndProject
Project("{8BC9CEB8-8B4A-11D0-8D11-00A0C91BC942}") = "NativeClient", "NativeClient\NativeClient.vcxproj", "{32B88B91-CF41-4DFC-BF80-E1F3A0DC3BDB}"
EndProject
Project("{2150E333-8FDC-42A3-9474-1A3956D46DE8}") = "Cloud", "Cloud", "{64E43023-4F0A-45CF-89AD-3915B806B8D8}"
EndProject
Project("{FAE04EC0-301F-11D3-BF4B-00C04F79EFBC}") = "WCFWorker", "Cloud\WCFWorker\WCFWorker.csproj", "{20157EA9-36BC-4175-8A9D-ADDDD8DB1217}"
EndProject
Project("{FAE04EC0-301F-11D3-BF4B-00C04F79EFBC}") = "WCFWeb", "Cloud\WCFWeb\WCFWeb.csproj", "{D22F5177-8459-4CFC-B6F7-B0CDA880E5D3}"
EndProject
Project("{CC5FD16D-436D-48AD-A40C-5A424C6E3E79}") = "WcfHoster", "Cloud\WcfHoster\WcfHoster.ccproj", "{E0DA2910-544C-46AC-990F-F2746477E14C}"
EndProject
Global
	GlobalSection(SolutionConfigurationPlatforms) = preSolution
		Debug|Any CPU = Debug|Any CPU
		Debug|Mixed Platforms = Debug|Mixed Platforms
		Debug|Win32 = Debug|Win32
		Debug|x64 = Debug|x64
		Debug|x86 = Debug|x86
		Release|Any CPU = Release|Any CPU
		Release|Mixed Platforms = Release|Mixed Platforms
		Release|Win32 = Release|Win32
		Release|x64 = Release|x64
		Release|x86 = Release|x86
	EndGlobalSection
	GlobalSection(ProjectConfigurationPlatforms) = postSolution
		{73C872B0-7710-41F6-89CF-9BDE8AB0C075}.Debug|Any CPU.ActiveCfg = Debug|Win32
		{73C872B0-7710-41F6-89CF-9BDE8AB0C075}.Debug|Mixed Platforms.ActiveCfg = Debug|Win32
		{73C872B0-7710-41F6-89CF-9BDE8AB0C075}.Debug|Mixed Platforms.Build.0 = Debug|Win32
		{73C872B0-7710-41F6-89CF-9BDE8AB0C075}.Debug|Win32.ActiveCfg = Debug|Win32
		{73C872B0-7710-41F6-89CF-9BDE8AB0C075}.Debug|Win32.Build.0 = Debug|Win32
		{73C872B0-7710-41F6-89CF-9BDE8AB0C075}.Debug|x64.ActiveCfg = Debug|Win32
		{73C872B0-7710-41F6-89CF-9BDE8AB0C075}.Debug|x86.ActiveCfg = Debug|Win32
		{73C872B0-7710-41F6-89CF-9BDE8AB0C075}.Release|Any CPU.ActiveCfg = Release|Win32
		{73C872B0-7710-41F6-89CF-9BDE8AB0C075}.Release|Mixed Platforms.ActiveCfg = Release|Win32
		{73C872B0-7710-41F6-89CF-9BDE8AB0C075}.Release|Mixed Platforms.Build.0 = Release|Win32
		{73C872B0-7710-41F6-89CF-9BDE8AB0C075}.Release|Win32.ActiveCfg = Release|Win32
		{73C872B0-7710-41F6-89CF-9BDE8AB0C075}.Release|Win32.Build.0 = Release|Win32
		{73C872B0-7710-41F6-89CF-9BDE8AB0C075}.Release|x64.ActiveCfg = Release|Win32
		{73C872B0-7710-41F6-89CF-9BDE8AB0C075}.Release|x86.ActiveCfg = Release|Win32
		{DE033106-D2E0-4307-AD3D-4A380B492D39}.Debug|Any CPU.ActiveCfg = Debug|Win32
		{DE033106-D2E0-4307-AD3D-4A380B492D39}.Debug|Mixed Platforms.ActiveCfg = Debug|Win32
		{DE033106-D2E0-4307-AD3D-4A380B492D39}.Debug|Mixed Platforms.Build.0 = Debug|Win32
		{DE033106-D2E0-4307-AD3D-4A380B492D39}.Debug|Win32.ActiveCfg = Debug|Win32
		{DE033106-D2E0-4307-AD3D-4A380B492D39}.Debug|x64.ActiveCfg = Debug|Win32
		{DE033106-D2E0-4307-AD3D-4A380B492D39}.Debug|x86.ActiveCfg = Debug|Win32
		{DE033106-D2E0-4307-AD3D-4A380B492D39}.Release|Any CPU.ActiveCfg = Release|Win32
		{DE033106-D2E0-4307-AD3D-4A380B492D39}.Release|Mixed Platforms.ActiveCfg = Release|Win32
		{DE033106-D2E0-4307-AD3D-4A380B492D39}.Release|Mixed Platforms.Build.0 = Release|Win32
		{DE033106-D2E0-4307-AD3D-4A380B492D39}.Release|Win32.ActiveCfg = Release|Win32
		{DE033106-D2E0-4307-AD3D-4A380B492D39}.Release|x64.ActiveCfg = Release|Win32
		{DE033106-D2E0-4307-AD3D-4A380B492D39}.Release|x86.ActiveCfg = Release|Win32
		{B4C0C9CB-DBB5-4230-829A-AA18EF8A0BE6}.Debug|Any CPU.ActiveCfg = Debug|Any CPU
		{B4C0C9CB-DBB5-4230-829A-AA18EF8A0BE6}.Debug|Any CPU.Build.0 = Debug|Any CPU
		{B4C0C9CB-DBB5-4230-829A-AA18EF8A0BE6}.Debug|Mixed Platforms.ActiveCfg = Debug|Any CPU
		{B4C0C9CB-DBB5-4230-829A-AA18EF8A0BE6}.Debug|Mixed Platforms.Build.0 = Debug|Any CPU
		{B4C0C9CB-DBB5-4230-829A-AA18EF8A0BE6}.Debug|Win32.ActiveCfg = Debug|Any CPU
		{B4C0C9CB-DBB5-4230-829A-AA18EF8A0BE6}.Debug|x64.ActiveCfg = Debug|Any CPU
		{B4C0C9CB-DBB5-4230-829A-AA18EF8A0BE6}.Debug|x86.ActiveCfg = Debug|Any CPU
		{B4C0C9CB-DBB5-4230-829A-AA18EF8A0BE6}.Release|Any CPU.ActiveCfg = Release|Any CPU
		{B4C0C9CB-DBB5-4230-829A-AA18EF8A0BE6}.Release|Any CPU.Build.0 = Release|Any CPU
		{B4C0C9CB-DBB5-4230-829A-AA18EF8A0BE6}.Release|Mixed Platforms.ActiveCfg = Release|Any CPU
		{B4C0C9CB-DBB5-4230-829A-AA18EF8A0BE6}.Release|Mixed Platforms.Build.0 = Release|Any CPU
		{B4C0C9CB-DBB5-4230-829A-AA18EF8A0BE6}.Release|Win32.ActiveCfg = Release|Any CPU
		{B4C0C9CB-DBB5-4230-829A-AA18EF8A0BE6}.Release|x64.ActiveCfg = Release|Any CPU
		{B4C0C9CB-DBB5-4230-829A-AA18EF8A0BE6}.Release|x86.ActiveCfg = Release|Any CPU
		{05FDACD4-D6CA-4F51-A665-30F7D21DF165}.Debug|Any CPU.ActiveCfg = Debug|x64
		{05FDACD4-D6CA-4F51-A665-30F7D21DF165}.Debug|Mixed Platforms.ActiveCfg = Debug|Win32
		{05FDACD4-D6CA-4F51-A665-30F7D21DF165}.Debug|Mixed Platforms.Build.0 = Debug|Win32
		{05FDACD4-D6CA-4F51-A665-30F7D21DF165}.Debug|Win32.ActiveCfg = Debug|Win32
		{05FDACD4-D6CA-4F51-A665-30F7D21DF165}.Debug|Win32.Build.0 = Debug|Win32
		{05FDACD4-D6CA-4F51-A665-30F7D21DF165}.Debug|x64.ActiveCfg = Debug|x64
		{05FDACD4-D6CA-4F51-A665-30F7D21DF165}.Debug|x64.Build.0 = Debug|x64
		{05FDACD4-D6CA-4F51-A665-30F7D21DF165}.Debug|x86.ActiveCfg = Debug|Win32
		{05FDACD4-D6CA-4F51-A665-30F7D21DF165}.Release|Any CPU.ActiveCfg = Release|x64
		{05FDACD4-D6CA-4F51-A665-30F7D21DF165}.Release|Mixed Platforms.ActiveCfg = Release|Win32
		{05FDACD4-D6CA-4F51-A665-30F7D21DF165}.Release|Mixed Platforms.Build.0 = Release|Win32
		{05FDACD4-D6CA-4F51-A665-30F7D21DF165}.Release|Win32.ActiveCfg = Release|Win32
		{05FDACD4-D6CA-4F51-A665-30F7D21DF165}.Release|Win32.Build.0 = Release|Win32
		{05FDACD4-D6CA-4F51-A665-30F7D21DF165}.Release|x64.ActiveCfg = Release|x64
		{05FDACD4-D6CA-4F51-A665-30F7D21DF165}.Release|x64.Build.0 = Release|x64
		{05FDACD4-D6CA-4F51-A665-30F7D21DF165}.Release|x86.ActiveCfg = Release|Win32
		{43D20991-5141-4C76-965B-358F25991AB1}.Debug|Any CPU.ActiveCfg = Debug|Any CPU
		{43D20991-5141-4C76-965B-358F25991AB1}.Debug|Any CPU.Build.0 = Debug|Any CPU
		{43D20991-5141-4C76-965B-358F25991AB1}.Debug|Mixed Platforms.ActiveCfg = Debug|Any CPU
		{43D20991-5141-4C76-965B-358F25991AB1}.Debug|Mixed Platforms.Build.0 = Debug|Any CPU
		{43D20991-5141-4C76-965B-358F25991AB1}.Debug|Win32.ActiveCfg = Debug|Any CPU
		{43D20991-5141-4C76-965B-358F25991AB1}.Debug|x64.ActiveCfg = Debug|Any CPU
		{43D20991-5141-4C76-965B-358F25991AB1}.Debug|x86.ActiveCfg = Debug|Any CPU
		{43D20991-5141-4C76-965B-358F25991AB1}.Release|Any CPU.ActiveCfg = Release|Any CPU
		{43D20991-5141-4C76-965B-358F25991AB1}.Release|Any CPU.Build.0 = Release|Any CPU
		{43D20991-5141-4C76-965B-358F25991AB1}.Release|Mixed Platforms.ActiveCfg = Release|Any CPU
		{43D20991-5141-4C76-965B-358F25991AB1}.Release|Mixed Platforms.Build.0 = Release|Any CPU
		{43D20991-5141-4C76-965B-358F25991AB1}.Release|Win32.ActiveCfg = Release|Any CPU
		{43D20991-5141-4C76-965B-358F25991AB1}.Release|x64.ActiveCfg = Release|Any CPU
		{43D20991-5141-4C76-965B-358F25991AB1}.Release|x86.ActiveCfg = Release|Any CPU
		{CE961AC1-03C0-46F1-BC5A-B906368125D5}.Debug|Any CPU.ActiveCfg = Debug|Any CPU
		{CE961AC1-03C0-46F1-BC5A-B906368125D5}.Debug|Any CPU.Build.0 = Debug|Any CPU
		{CE961AC1-03C0-46F1-BC5A-B906368125D5}.Debug|Mixed Platforms.ActiveCfg = Debug|Any CPU
		{CE961AC1-03C0-46F1-BC5A-B906368125D5}.Debug|Mixed Platforms.Build.0 = Debug|Any CPU
		{CE961AC1-03C0-46F1-BC5A-B906368125D5}.Debug|Win32.ActiveCfg = Debug|Any CPU
		{CE961AC1-03C0-46F1-BC5A-B906368125D5}.Debug|x64.ActiveCfg = Debug|Any CPU
		{CE961AC1-03C0-46F1-BC5A-B906368125D5}.Debug|x86.ActiveCfg = Debug|Any CPU
		{CE961AC1-03C0-46F1-BC5A-B906368125D5}.Release|Any CPU.ActiveCfg = Release|Any CPU
		{CE961AC1-03C0-46F1-BC5A-B906368125D5}.Release|Any CPU.Build.0 = Release|Any CPU
		{CE961AC1-03C0-46F1-BC5A-B906368125D5}.Release|Mixed Platforms.ActiveCfg = Release|Any CPU
		{CE961AC1-03C0-46F1-BC5A-B906368125D5}.Release|Mixed Platforms.Build.0 = Release|Any CPU
		{CE961AC1-03C0-46F1-BC5A-B906368125D5}.Release|Win32.ActiveCfg = Release|Any CPU
		{CE961AC1-03C0-46F1-BC5A-B906368125D5}.Release|x64.ActiveCfg = Release|Any CPU
		{CE961AC1-03C0-46F1-BC5A-B906368125D5}.Release|x86.ActiveCfg = Release|Any CPU
		{1A85C82C-A992-4CEE-AF04-82BDCC093F0E}.Debug|Any CPU.ActiveCfg = Debug|Any CPU
		{1A85C82C-A992-4CEE-AF04-82BDCC093F0E}.Debug|Any CPU.Build.0 = Debug|Any CPU
		{1A85C82C-A992-4CEE-AF04-82BDCC093F0E}.Debug|Mixed Platforms.ActiveCfg = Debug|Any CPU
		{1A85C82C-A992-4CEE-AF04-82BDCC093F0E}.Debug|Mixed Platforms.Build.0 = Debug|Any CPU
		{1A85C82C-A992-4CEE-AF04-82BDCC093F0E}.Debug|Win32.ActiveCfg = Debug|Any CPU
		{1A85C82C-A992-4CEE-AF04-82BDCC093F0E}.Debug|x64.ActiveCfg = Debug|Any CPU
		{1A85C82C-A992-4CEE-AF04-82BDCC093F0E}.Debug|x86.ActiveCfg = Debug|Any CPU
		{1A85C82C-A992-4CEE-AF04-82BDCC093F0E}.Release|Any CPU.ActiveCfg = Release|Any CPU
		{1A85C82C-A992-4CEE-AF04-82BDCC093F0E}.Release|Any CPU.Build.0 = Release|Any CPU
		{1A85C82C-A992-4CEE-AF04-82BDCC093F0E}.Release|Mixed Platforms.ActiveCfg = Release|Any CPU
		{1A85C82C-A992-4CEE-AF04-82BDCC093F0E}.Release|Mixed Platforms.Build.0 = Release|Any CPU
		{1A85C82C-A992-4CEE-AF04-82BDCC093F0E}.Release|Win32.ActiveCfg = Release|Any CPU
		{1A85C82C-A992-4CEE-AF04-82BDCC093F0E}.Release|x64.ActiveCfg = Release|Any CPU
		{1A85C82C-A992-4CEE-AF04-82BDCC093F0E}.Release|x86.ActiveCfg = Release|Any CPU
		{BDBA76CA-D4DD-4C39-A2DF-DFE173FF78A3}.Debug|Any CPU.ActiveCfg = Debug|Any CPU
		{BDBA76CA-D4DD-4C39-A2DF-DFE173FF78A3}.Debug|Any CPU.Build.0 = Debug|Any CPU
		{BDBA76CA-D4DD-4C39-A2DF-DFE173FF78A3}.Debug|Mixed Platforms.ActiveCfg = Debug|Any CPU
		{BDBA76CA-D4DD-4C39-A2DF-DFE173FF78A3}.Debug|Mixed Platforms.Build.0 = Debug|Any CPU
		{BDBA76CA-D4DD-4C39-A2DF-DFE173FF78A3}.Debug|Win32.ActiveCfg = Debug|Any CPU
		{BDBA76CA-D4DD-4C39-A2DF-DFE173FF78A3}.Debug|x64.ActiveCfg = Debug|Any CPU
		{BDBA76CA-D4DD-4C39-A2DF-DFE173FF78A3}.Debug|x86.ActiveCfg = Debug|Any CPU
		{BDBA76CA-D4DD-4C39-A2DF-DFE173FF78A3}.Release|Any CPU.ActiveCfg = Release|Any CPU
		{BDBA76CA-D4DD-4C39-A2DF-DFE173FF78A3}.Release|Any CPU.Build.0 = Release|Any CPU
		{BDBA76CA-D4DD-4C39-A2DF-DFE173FF78A3}.Release|Mixed Platforms.ActiveCfg = Release|Any CPU
		{BDBA76CA-D4DD-4C39-A2DF-DFE173FF78A3}.Release|Mixed Platforms.Build.0 = Release|Any CPU
		{BDBA76CA-D4DD-4C39-A2DF-DFE173FF78A3}.Release|Win32.ActiveCfg = Release|Any CPU
		{BDBA76CA-D4DD-4C39-A2DF-DFE173FF78A3}.Release|x64.ActiveCfg = Release|Any CPU
		{BDBA76CA-D4DD-4C39-A2DF-DFE173FF78A3}.Release|x86.ActiveCfg = Release|Any CPU
		{1A538C9B-222A-4637-9973-C01D43DDC71C}.Debug|Any CPU.ActiveCfg = Debug|Any CPU
		{1A538C9B-222A-4637-9973-C01D43DDC71C}.Debug|Any CPU.Build.0 = Debug|Any CPU
		{1A538C9B-222A-4637-9973-C01D43DDC71C}.Debug|Mixed Platforms.ActiveCfg = Debug|Any CPU
		{1A538C9B-222A-4637-9973-C01D43DDC71C}.Debug|Mixed Platforms.Build.0 = Debug|Any CPU
		{1A538C9B-222A-4637-9973-C01D43DDC71C}.Debug|Win32.ActiveCfg = Debug|Any CPU
		{1A538C9B-222A-4637-9973-C01D43DDC71C}.Debug|x64.ActiveCfg = Debug|Any CPU
		{1A538C9B-222A-4637-9973-C01D43DDC71C}.Debug|x86.ActiveCfg = Debug|Any CPU
		{1A538C9B-222A-4637-9973-C01D43DDC71C}.Release|Any CPU.ActiveCfg = Release|Any CPU
		{1A538C9B-222A-4637-9973-C01D43DDC71C}.Release|Any CPU.Build.0 = Release|Any CPU
		{1A538C9B-222A-4637-9973-C01D43DDC71C}.Release|Mixed Platforms.ActiveCfg = Release|Any CPU
		{1A538C9B-222A-4637-9973-C01D43DDC71C}.Release|Mixed Platforms.Build.0 = Release|Any CPU
		{1A538C9B-222A-4637-9973-C01D43DDC71C}.Release|Win32.ActiveCfg = Release|Any CPU
		{1A538C9B-222A-4637-9973-C01D43DDC71C}.Release|x64.ActiveCfg = Release|Any CPU
		{1A538C9B-222A-4637-9973-C01D43DDC71C}.Release|x86.ActiveCfg = Release|Any CPU
		{00BB259C-9E16-4AA5-8136-EE1183BDEB19}.Debug|Any CPU.ActiveCfg = Debug|Any CPU
		{00BB259C-9E16-4AA5-8136-EE1183BDEB19}.Debug|Any CPU.Build.0 = Debug|Any CPU
		{00BB259C-9E16-4AA5-8136-EE1183BDEB19}.Debug|Mixed Platforms.ActiveCfg = Debug|Any CPU
		{00BB259C-9E16-4AA5-8136-EE1183BDEB19}.Debug|Mixed Platforms.Build.0 = Debug|Any CPU
		{00BB259C-9E16-4AA5-8136-EE1183BDEB19}.Debug|Win32.ActiveCfg = Debug|Any CPU
		{00BB259C-9E16-4AA5-8136-EE1183BDEB19}.Debug|x64.ActiveCfg = Debug|Any CPU
		{00BB259C-9E16-4AA5-8136-EE1183BDEB19}.Debug|x86.ActiveCfg = Debug|Any CPU
		{00BB259C-9E16-4AA5-8136-EE1183BDEB19}.Release|Any CPU.ActiveCfg = Release|Any CPU
		{00BB259C-9E16-4AA5-8136-EE1183BDEB19}.Release|Any CPU.Build.0 = Release|Any CPU
		{00BB259C-9E16-4AA5-8136-EE1183BDEB19}.Release|Mixed Platforms.ActiveCfg = Release|Any CPU
		{00BB259C-9E16-4AA5-8136-EE1183BDEB19}.Release|Mixed Platforms.Build.0 = Release|Any CPU
		{00BB259C-9E16-4AA5-8136-EE1183BDEB19}.Release|Win32.ActiveCfg = Release|Any CPU
		{00BB259C-9E16-4AA5-8136-EE1183BDEB19}.Release|x64.ActiveCfg = Release|Any CPU
		{00BB259C-9E16-4AA5-8136-EE1183BDEB19}.Release|x86.ActiveCfg = Release|Any CPU
		{32B88B91-CF41-4DFC-BF80-E1F3A0DC3BDB}.Debug|Any CPU.ActiveCfg = Debug|Win32
		{32B88B91-CF41-4DFC-BF80-E1F3A0DC3BDB}.Debug|Mixed Platforms.ActiveCfg = Debug|Win32
		{32B88B91-CF41-4DFC-BF80-E1F3A0DC3BDB}.Debug|Mixed Platforms.Build.0 = Debug|Win32
		{32B88B91-CF41-4DFC-BF80-E1F3A0DC3BDB}.Debug|Win32.ActiveCfg = Debug|Win32
		{32B88B91-CF41-4DFC-BF80-E1F3A0DC3BDB}.Debug|Win32.Build.0 = Debug|Win32
		{32B88B91-CF41-4DFC-BF80-E1F3A0DC3BDB}.Debug|x64.ActiveCfg = Debug|Win32
		{32B88B91-CF41-4DFC-BF80-E1F3A0DC3BDB}.Debug|x86.ActiveCfg = Debug|Win32
		{32B88B91-CF41-4DFC-BF80-E1F3A0DC3BDB}.Release|Any CPU.ActiveCfg = Release|Win32
		{32B88B91-CF41-4DFC-BF80-E1F3A0DC3BDB}.Release|Mixed Platforms.ActiveCfg = Release|Win32
		{32B88B91-CF41-4DFC-BF80-E1F3A0DC3BDB}.Release|Mixed Platforms.Build.0 = Release|Win32
		{32B88B91-CF41-4DFC-BF80-E1F3A0DC3BDB}.Release|Win32.ActiveCfg = Release|Win32
		{32B88B91-CF41-4DFC-BF80-E1F3A0DC3BDB}.Release|Win32.Build.0 = Release|Win32
		{32B88B91-CF41-4DFC-BF80-E1F3A0DC3BDB}.Release|x64.ActiveCfg = Release|Win32
		{32B88B91-CF41-4DFC-BF80-E1F3A0DC3BDB}.Release|x86.ActiveCfg = Release|Win32
		{20157EA9-36BC-4175-8A9D-ADDDD8DB1217}.Debug|Any CPU.ActiveCfg = Debug|Any CPU
		{20157EA9-36BC-4175-8A9D-ADDDD8DB1217}.Debug|Any CPU.Build.0 = Debug|Any CPU
		{20157EA9-36BC-4175-8A9D-ADDDD8DB1217}.Debug|Mixed Platforms.ActiveCfg = Debug|Any CPU
		{20157EA9-36BC-4175-8A9D-ADDDD8DB1217}.Debug|Mixed Platforms.Build.0 = Debug|Any CPU
		{20157EA9-36BC-4175-8A9D-ADDDD8DB1217}.Debug|Win32.ActiveCfg = Debug|Any CPU
		{20157EA9-36BC-4175-8A9D-ADDDD8DB1217}.Debug|x64.ActiveCfg = Debug|Any CPU
		{20157EA9-36BC-4175-8A9D-ADDDD8DB1217}.Debug|x86.ActiveCfg = Debug|Any CPU
		{20157EA9-36BC-4175-8A9D-ADDDD8DB1217}.Release|Any CPU.ActiveCfg = Release|Any CPU
		{20157EA9-36BC-4175-8A9D-ADDDD8DB1217}.Release|Any CPU.Build.0 = Release|Any CPU
		{20157EA9-36BC-4175-8A9D-ADDDD8DB1217}.Release|Mixed Platforms.ActiveCfg = Release|Any CPU
		{20157EA9-36BC-4175-8A9D-ADDDD8DB1217}.Release|Mixed Platforms.Build.0 = Release|Any CPU
		{20157EA9-36BC-4175-8A9D-ADDDD8DB1217}.Release|Win32.ActiveCfg = Release|Any CPU
		{20157EA9-36BC-4175-8A9D-ADDDD8DB1217}.Release|x64.ActiveCfg = Release|Any CPU
		{20157EA9-36BC-4175-8A9D-ADDDD8DB1217}.Release|x86.ActiveCfg = Release|Any CPU
		{D22F5177-8459-4CFC-B6F7-B0CDA880E5D3}.Debug|Any CPU.ActiveCfg = Debug|Any CPU
		{D22F5177-8459-4CFC-B6F7-B0CDA880E5D3}.Debug|Any CPU.Build.0 = Debug|Any CPU
		{D22F5177-8459-4CFC-B6F7-B0CDA880E5D3}.Debug|Mixed Platforms.ActiveCfg = Debug|Any CPU
		{D22F5177-8459-4CFC-B6F7-B0CDA880E5D3}.Debug|Mixed Platforms.Build.0 = Debug|Any CPU
		{D22F5177-8459-4CFC-B6F7-B0CDA880E5D3}.Debug|Win32.ActiveCfg = Debug|Any CPU
		{D22F5177-8459-4CFC-B6F7-B0CDA880E5D3}.Debug|x64.ActiveCfg = Debug|Any CPU
		{D22F5177-8459-4CFC-B6F7-B0CDA880E5D3}.Debug|x86.ActiveCfg = Debug|Any CPU
		{D22F5177-8459-4CFC-B6F7-B0CDA880E5D3}.Release|Any CPU.ActiveCfg = Release|Any CPU
		{D22F5177-8459-4CFC-B6F7-B0CDA880E5D3}.Release|Any CPU.Build.0 = Release|Any CPU
		{D22F5177-8459-4CFC-B6F7-B0CDA880E5D3}.Release|Mixed Platforms.ActiveCfg = Release|Any CPU
		{D22F5177-8459-4CFC-B6F7-B0CDA880E5D3}.Release|Mixed Platforms.Build.0 = Release|Any CPU
		{D22F5177-8459-4CFC-B6F7-B0CDA880E5D3}.Release|Win32.ActiveCfg = Release|Any CPU
		{D22F5177-8459-4CFC-B6F7-B0CDA880E5D3}.Release|x64.ActiveCfg = Release|Any CPU
		{D22F5177-8459-4CFC-B6F7-B0CDA880E5D3}.Release|x86.ActiveCfg = Release|Any CPU
		{E0DA2910-544C-46AC-990F-F2746477E14C}.Debug|Any CPU.ActiveCfg = Debug|Any CPU
		{E0DA2910-544C-46AC-990F-F2746477E14C}.Debug|Any CPU.Build.0 = Debug|Any CPU
		{E0DA2910-544C-46AC-990F-F2746477E14C}.Debug|Mixed Platforms.ActiveCfg = Debug|Any CPU
		{E0DA2910-544C-46AC-990F-F2746477E14C}.Debug|Mixed Platforms.Build.0 = Debug|Any CPU
		{E0DA2910-544C-46AC-990F-F2746477E14C}.Debug|Win32.ActiveCfg = Debug|Any CPU
		{E0DA2910-544C-46AC-990F-F2746477E14C}.Debug|x64.ActiveCfg = Debug|Any CPU
		{E0DA2910-544C-46AC-990F-F2746477E14C}.Debug|x86.ActiveCfg = Debug|Any CPU
		{E0DA2910-544C-46AC-990F-F2746477E14C}.Release|Any CPU.ActiveCfg = Release|Any CPU
		{E0DA2910-544C-46AC-990F-F2746477E14C}.Release|Any CPU.Build.0 = Release|Any CPU
		{E0DA2910-544C-46AC-990F-F2746477E14C}.Release|Mixed Platforms.ActiveCfg = Release|Any CPU
		{E0DA2910-544C-46AC-990F-F2746477E14C}.Release|Mixed Platforms.Build.0 = Release|Any CPU
		{E0DA2910-544C-46AC-990F-F2746477E14C}.Release|Win32.ActiveCfg = Release|Any CPU
		{E0DA2910-544C-46AC-990F-F2746477E14C}.Release|x64.ActiveCfg = Release|Any CPU
		{E0DA2910-544C-46AC-990F-F2746477E14C}.Release|x86.ActiveCfg = Release|Any CPU
	EndGlobalSection
	GlobalSection(SolutionProperties) = preSolution
		HideSolutionNode = FALSE
	EndGlobalSection
	GlobalSection(NestedProjects) = preSolution
		{DE033106-D2E0-4307-AD3D-4A380B492D39} = {A72D134F-3BAA-4F37-803F-49C04CD09EE5}
		{B4C0C9CB-DBB5-4230-829A-AA18EF8A0BE6} = {A72D134F-3BAA-4F37-803F-49C04CD09EE5}
		{05FDACD4-D6CA-4F51-A665-30F7D21DF165} = {A72D134F-3BAA-4F37-803F-49C04CD09EE5}
		{43D20991-5141-4C76-965B-358F25991AB1} = {A72D134F-3BAA-4F37-803F-49C04CD09EE5}
		{73C872B0-7710-41F6-89CF-9BDE8AB0C075} = {A72D134F-3BAA-4F37-803F-49C04CD09EE5}
		{32B88B91-CF41-4DFC-BF80-E1F3A0DC3BDB} = {A72D134F-3BAA-4F37-803F-49C04CD09EE5}
		{CE961AC1-03C0-46F1-BC5A-B906368125D5} = {3AD9C5C2-3E64-40E4-A2F0-8C5E4586B8D4}
		{1A85C82C-A992-4CEE-AF04-82BDCC093F0E} = {3AD9C5C2-3E64-40E4-A2F0-8C5E4586B8D4}
		{BDBA76CA-D4DD-4C39-A2DF-DFE173FF78A3} = {3AD9C5C2-3E64-40E4-A2F0-8C5E4586B8D4}
		{1A538C9B-222A-4637-9973-C01D43DDC71C} = {3AD9C5C2-3E64-40E4-A2F0-8C5E4586B8D4}
		{00BB259C-9E16-4AA5-8136-EE1183BDEB19} = {3AD9C5C2-3E64-40E4-A2F0-8C5E4586B8D4}
		{20157EA9-36BC-4175-8A9D-ADDDD8DB1217} = {64E43023-4F0A-45CF-89AD-3915B806B8D8}
		{D22F5177-8459-4CFC-B6F7-B0CDA880E5D3} = {64E43023-4F0A-45CF-89AD-3915B806B8D8}
		{E0DA2910-544C-46AC-990F-F2746477E14C} = {64E43023-4F0A-45CF-89AD-3915B806B8D8}
	EndGlobalSection
EndGlobal
